<?xml version="1.0" encoding="utf-8"?>
<Project ToolsVersion="4.0" xmlns="http://schemas.microsoft.com/developer/msbuild/2003">
  <ItemGroup>
    <ClCompile Include="..\src\AsynClientSocket\AsynClientSocket.cpp" />
    <ClCompile Include="..\src\AsynClientSocket\main.cpp" />
  </ItemGroup>
  <ItemGroup>
    <ClInclude Include="..\src\AsynClientSocket\AsynClientSocket.h" />
  </ItemGroup>
</Project>